// !$*UTF8*$!
{
	archiveVersion = 1;
	classes = {
	};
	objectVersion = 56;
	objects = {

/* Begin PBXBuildFile section */
		D0BB4F572A0F8BB10013D801 /* AppDelegate.swift in Sources */ = {isa = PBXBuildFile; fileRef = D0BB4F562A0F8BB10013D801 /* AppDelegate.swift */; };
		D0BB4F592A0F8BB10013D801 /* SceneDelegate.swift in Sources */ = {isa = PBXBuildFile; fileRef = D0BB4F582A0F8BB10013D801 /* SceneDelegate.swift */; };
		D0BB4F5B2A0F8BB10013D801 /* ViewController.swift in Sources */ = {isa = PBXBuildFile; fileRef = D0BB4F5A2A0F8BB10013D801 /* ViewController.swift */; };
		D0BB4F5E2A0F8BB10013D801 /* Main.storyboard in Resources */ = {isa = PBXBuildFile; fileRef = D0BB4F5C2A0F8BB10013D801 /* Main.storyboard */; };
		D0BB4F612A0F8BB10013D801 /* YourArticle.xcdatamodeld in Sources */ = {isa = PBXBuildFile; fileRef = D0BB4F5F2A0F8BB10013D801 /* YourArticle.xcdatamodeld */; };
		D0BB4F632A0F8BB40013D801 /* Assets.xcassets in Resources */ = {isa = PBXBuildFile; fileRef = D0BB4F622A0F8BB40013D801 /* Assets.xcassets */; };
		D0BB4F662A0F8BB40013D801 /* LaunchScreen.storyboard in Resources */ = {isa = PBXBuildFile; fileRef = D0BB4F642A0F8BB40013D801 /* LaunchScreen.storyboard */; };
/* End PBXBuildFile section */

/* Begin PBXFileReference section */
		D0BB4F532A0F8BB10013D801 /* YourArticle.app */ = {isa = PBXFileReference; explicitFileType = wrapper.application; includeInIndex = 0; path = YourArticle.app; sourceTree = BUILT_PRODUCTS_DIR; };
		D0BB4F562A0F8BB10013D801 /* AppDelegate.swift */ = {isa = PBXFileReference; lastKnownFileType = sourcecode.swift; path = AppDelegate.swift; sourceTree = "<group>"; };
		D0BB4F582A0F8BB10013D801 /* SceneDelegate.swift */ = {isa = PBXFileReference; lastKnownFileType = sourcecode.swift; path = SceneDelegate.swift; sourceTree = "<group>"; };
		D0BB4F5A2A0F8BB10013D801 /* ViewController.swift */ = {isa = PBXFileReference; lastKnownFileType = sourcecode.swift; path = ViewController.swift; sourceTree = "<group>"; };
		D0BB4F5D2A0F8BB10013D801 /* Base */ = {isa = PBXFileReference; lastKnownFileType = file.storyboard; name = Base; path = Base.lproj/Main.storyboard; sourceTree = "<group>"; };
		D0BB4F602A0F8BB10013D801 /* YourArticle.xcdatamodel */ = {isa = PBXFileReference; lastKnownFileType = wrapper.xcdatamodel; path = YourArticle.xcdatamodel; sourceTree = "<group>"; };
		D0BB4F622A0F8BB40013D801 /* Assets.xcassets */ = {isa = PBXFileReference; lastKnownFileType = folder.assetcatalog; path = Assets.xcassets; sourceTree = "<group>"; };
		D0BB4F652A0F8BB40013D801 /* Base */ = {isa = PBXFileReference; lastKnownFileType = file.storyboard; name = Base; path = Base.lproj/LaunchScreen.storyboard; sourceTree = "<group>"; };
		D0BB4F672A0F8BB40013D801 /* Info.plist */ = {isa = PBXFileReference; lastKnownFileType = text.plist.xml; path = Info.plist; sourceTree = "<group>"; };
/* End PBXFileReference section */

/* Begin PBXFrameworksBuildPhase section */
		D0BB4F502A0F8BB10013D801 /* Frameworks */ = {
			isa = PBXFrameworksBuildPhase;
			buildActionMask = 2147483647;
			files = (
			);
			runOnlyForDeploymentPostprocessing = 0;
		};
/* End PBXFrameworksBuildPhase section */

/* Begin PBXGroup section */
		D0BB4F4A2A0F8BB10013D801 = {
			isa = PBXGroup;
			children = (
				D0BB4F552A0F8BB10013D801 /* YourArticle */,
				D0BB4F542A0F8BB10013D801 /* Products */,
			);
			sourceTree = "<group>";
		};
		D0BB4F542A0F8BB10013D801 /* Products */ = {
			isa = PBXGroup;
			children = (
				D0BB4F532A0F8BB10013D801 /* YourArticle.app */,
			);
			name = Products;
			sourceTree = "<group>";
		};
		D0BB4F552A0F8BB10013D801 /* YourArticle */ = {
			isa = PBXGroup;
			children = (
				D0BB4F562A0F8BB10013D801 /* AppDelegate.swift */,
				D0BB4F582A0F8BB10013D801 /* SceneDelegate.swift */,
				D0BB4F5A2A0F8BB10013D801 /* ViewController.swift */,
				D0BB4F5C2A0F8BB10013D801 /* Main.storyboard */,
				D0BB4F622A0F8BB40013D801 /* Assets.xcassets */,
				D0BB4F642A0F8BB40013D801 /* LaunchScreen.storyboard */,
				D0BB4F672A0F8BB40013D801 /* Info.plist */,
				D0BB4F5F2A0F8BB10013D801 /* YourArticle.xcdatamodeld */,
			);
			path = YourArticle;
			sourceTree = "<group>";
		};
/* End PBXGroup section */

/* Begin PBXNativeTarget section */
		D0BB4F522A0F8BB10013D801 /* YourArticle */ = {
			isa = PBXNativeTarget;
			buildConfigurationList = D0BB4F6A2A0F8BB40013D801 /* Build configuration list for PBXNativeTarget "YourArticle" */;
			buildPhases = (
				D0BB4F4F2A0F8BB10013D801 /* Sources */,
				D0BB4F502A0F8BB10013D801 /* Frameworks */,
				D0BB4F512A0F8BB10013D801 /* Resources */,
			);
			buildRules = (
			);
			dependencies = (
			);
			name = YourArticle;
			productName = YourArticle;
			productReference = D0BB4F532A0F8BB10013D801 /* YourArticle.app */;
			productType = "com.apple.product-type.application";
		};
/* End PBXNativeTarget section */

/* Begin PBXProject section */
		D0BB4F4B2A0F8BB10013D801 /* Project object */ = {
			isa = PBXProject;
			attributes = {
				BuildIndependentTargetsInParallel = 1;
				LastSwiftUpdateCheck = 1420;
				LastUpgradeCheck = 1420;
				TargetAttributes = {
					D0BB4F522A0F8BB10013D801 = {
						CreatedOnToolsVersion = 14.2;
					};
				};
			};
			buildConfigurationList = D0BB4F4E2A0F8BB10013D801 /* Build configuration list for PBXProject "YourArticle" */;
			compatibilityVersion = "Xcode 14.0";
			developmentRegion = en;
			hasScannedForEncodings = 0;
			knownRegions = (
				en,
				Base,
			);
			mainGroup = D0BB4F4A2A0F8BB10013D801;
			productRefGroup = D0BB4F542A0F8BB10013D801 /* Products */;
			projectDirPath = "";
			projectRoot = "";
			targets = (
				D0BB4F522A0F8BB10013D801 /* YourArticle */,
			);
		};
/* End PBXProject section */

/* Begin PBXResourcesBuildPhase section */
		D0BB4F512A0F8BB10013D801 /* Resources */ = {
			isa = PBXResourcesBuildPhase;
			buildActionMask = 2147483647;
			files = (
				D0BB4F662A0F8BB40013D801 /* LaunchScreen.storyboard in Resources */,
				D0BB4F632A0F8BB40013D801 /* Assets.xcassets in Resources */,
				D0BB4F5E2A0F8BB10013D801 /* Main.storyboard in Resources */,
			);
			runOnlyForDeploymentPostprocessing = 0;
		};
/* End PBXResourcesBuildPhase section */

/* Begin PBXSourcesBuildPhase section */
		D0BB4F4F2A0F8BB10013D801 /* Sources */ = {
			isa = PBXSourcesBuildPhase;
			buildActionMask = 2147483647;
			files = (
				D0BB4F5B2A0F8BB10013D801 /* ViewController.swift in Sources */,
				D0BB4F572A0F8BB10013D801 /* AppDelegate.swift in Sources */,
				D0BB4F592A0F8BB10013D801 /* SceneDelegate.swift in Sources */,
				D0BB4F612A0F8BB10013D801 /* YourArticle.xcdatamodeld in Sources */,
			);
			runOnlyForDeploymentPostprocessing = 0;
		};
/* End PBXSourcesBuildPhase section */

/* Begin PBXVariantGroup section */
		D0BB4F5C2A0F8BB10013D801 /* Main.storyboard */ = {
			isa = PBXVariantGroup;
			children = (
				D0BB4F5D2A0F8BB10013D801 /* Base */,
			);
			name = Main.storyboard;
			sourceTree = "<group>";
		};
		D0BB4F642A0F8BB40013D801 /* LaunchScreen.storyboard */ = {
			isa = PBXVariantGroup;
			children = (
				D0BB4F652A0F8BB40013D801 /* Base */,
			);
			name = LaunchScreen.storyboard;
			sourceTree = "<group>";
		};
/* End PBXVariantGroup section */

/* Begin XCBuildConfiguration section */
		D0BB4F682A0F8BB40013D801 /* Debug */ = {
			isa = XCBuildConfiguration;
			buildSettings = {
				ALWAYS_SEARCH_USER_PATHS = NO;
				CLANG_ANALYZER_NONNULL = YES;
				CLANG_ANALYZER_NUMBER_OBJECT_CONVERSION = YES_AGGRESSIVE;
				CLANG_CXX_LANGUAGE_STANDARD = "gnu++20";
				CLANG_ENABLE_MODULES = YES;
				CLANG_ENABLE_OBJC_ARC = YES;
				CLANG_ENABLE_OBJC_WEAK = YES;
				CLANG_WARN_BLOCK_CAPTURE_AUTORELEASING = YES;
				CLANG_WARN_BOOL_CONVERSION = YES;
				CLANG_WARN_COMMA = YES;
				CLANG_WARN_CONSTANT_CONVERSION = YES;
				CLANG_WARN_DEPRECATED_OBJC_IMPLEMENTATIONS = YES;
				CLANG_WARN_DIRECT_OBJC_ISA_USAGE = YES_ERROR;
				CLANG_WARN_DOCUMENTATION_COMMENTS = YES;
				CLANG_WARN_EMPTY_BODY = YES;
				CLANG_WARN_ENUM_CONVERSION = YES;
				CLANG_WARN_INFINITE_RECURSION = YES;
				CLANG_WARN_INT_CONVERSION = YES;
				CLANG_WARN_NON_LITERAL_NULL_CONVERSION = YES;
				CLANG_WARN_OBJC_IMPLICIT_RETAIN_SELF = YES;
				CLANG_WARN_OBJC_LITERAL_CONVERSION = YES;
				CLANG_WARN_OBJC_ROOT_CLASS = YES_ERROR;
				CLANG_WARN_QUOTED_INCLUDE_IN_FRAMEWORK_HEADER = YES;
				CLANG_WARN_RANGE_LOOP_ANALYSIS = YES;
				CLANG_WARN_STRICT_PROTOTYPES = YES;
				CLANG_WARN_SUSPICIOUS_MOVE = YES;
				CLANG_WARN_UNGUARDED_AVAILABILITY = YES_AGGRESSIVE;
				CLANG_WARN_UNREACHABLE_CODE = YES;
				CLANG_WARN__DUPLICATE_METHOD_MATCH = YES;
				COPY_PHASE_STRIP = NO;
				DEBUG_INFORMATION_FORMAT = dwarf;
				ENABLE_STRICT_OBJC_MSGSEND = YES;
				ENABLE_TESTABILITY = YES;
				GCC_C_LANGUAGE_STANDARD = gnu11;
				GCC_DYNAMIC_NO_PIC = NO;
				GCC_NO_COMMON_BLOCKS = YES;
				GCC_OPTIMIZATION_LEVEL = 0;
				GCC_PREPROCESSOR_DEFINITIONS = (
					"DEBUG=1",
					"$(inherited)",
				);
				GCC_WARN_64_TO_32_BIT_CONVERSION = YES;
				GCC_WARN_ABOUT_RETURN_TYPE = YES_ERROR;
				GCC_WARN_UNDECLARED_SELECTOR = YES;
				GCC_WARN_UNINITIALIZED_AUTOS = YES_AGGRESSIVE;
				GCC_WARN_UNUSED_FUNCTION = YES;
				GCC_WARN_UNUSED_VARIABLE = YES;
				IPHONEOS_DEPLOYMENT_TARGET = 16.2;
				MTL_ENABLE_DEBUG_INFO = INCLUDE_SOURCE;
				MTL_FAST_MATH = YES;
				ONLY_ACTIVE_ARCH = YES;
				SDKROOT = iphoneos;
				SWIFT_ACTIVE_COMPILATION_CONDITIONS = DEBUG;
				SWIFT_OPTIMIZATION_LEVEL = "-Onone";
			};
			name = Debug;
		};
		D0BB4F692A0F8BB40013D801 /* Release */ = {
			isa = XCBuildConfiguration;
			buildSettings = {
				ALWAYS_SEARCH_USER_PATHS = NO;
				CLANG_ANALYZER_NONNULL = YES;
				CLANG_ANALYZER_NUMBER_OBJECT_CONVERSION = YES_AGGRESSIVE;
				CLANG_CXX_LANGUAGE_STANDARD = "gnu++20";
				CLANG_ENABLE_MODULES = YES;
				CLANG_ENABLE_OBJC_ARC = YES;
				CLANG_ENABLE_OBJC_WEAK = YES;
				CLANG_WARN_BLOCK_CAPTURE_AUTORELEASING = YES;
				CLANG_WARN_BOOL_CONVERSION = YES;
				CLANG_WARN_COMMA = YES;
				CLANG_WARN_CONSTANT_CONVERSION = YES;
				CLANG_WARN_DEPRECATED_OBJC_IMPLEMENTATIONS = YES;
				CLANG_WARN_DIRECT_OBJC_ISA_USAGE = YES_ERROR;
				CLANG_WARN_DOCUMENTATION_COMMENTS = YES;
				CLANG_WARN_EMPTY_BODY = YES;
				CLANG_WARN_ENUM_CONVERSION = YES;
				CLANG_WARN_INFINITE_RECURSION = YES;
				CLANG_WARN_INT_CONVERSION = YES;
				CLANG_WARN_NON_LITERAL_NULL_CONVERSION = YES;
				CLANG_WARN_OBJC_IMPLICIT_RETAIN_SELF = YES;
				CLANG_WARN_OBJC_LITERAL_CONVERSION = YES;
				CLANG_WARN_OBJC_ROOT_CLASS = YES_ERROR;
				CLANG_WARN_QUOTED_INCLUDE_IN_FRAMEWORK_HEADER = YES;
				CLANG_WARN_RANGE_LOOP_ANALYSIS = YES;
				CLANG_WARN_STRICT_PROTOTYPES = YES;
				CLANG_WARN_SUSPICIOUS_MOVE = YES;
				CLANG_WARN_UNGUARDED_AVAILABILITY = YES_AGGRESSIVE;
				CLANG_WARN_UNREACHABLE_CODE = YES;
				CLANG_WARN__DUPLICATE_METHOD_MATCH = YES;
				COPY_PHASE_STRIP = NO;
				DEBUG_INFORMATION_FORMAT = "dwarf-with-dsym";
				ENABLE_NS_ASSERTIONS = NO;
				ENABLE_STRICT_OBJC_MSGSEND = YES;
				GCC_C_LANGUAGE_STANDARD = gnu11;
				GCC_NO_COMMON_BLOCKS = YES;
				GCC_WARN_64_TO_32_BIT_CONVERSION = YES;
				GCC_WARN_ABOUT_RETURN_TYPE = YES_ERROR;
				GCC_WARN_UNDECLARED_SELECTOR = YES;
				GCC_WARN_UNINITIALIZED_AUTOS = YES_AGGRESSIVE;
				GCC_WARN_UNUSED_FUNCTION = YES;
				GCC_WARN_UNUSED_VARIABLE = YES;
				IPHONEOS_DEPLOYMENT_TARGET = 16.2;
				MTL_ENABLE_DEBUG_INFO = NO;
				MTL_FAST_MATH = YES;
				SDKROOT = iphoneos;
				SWIFT_COMPILATION_MODE = wholemodule;
				SWIFT_OPTIMIZATION_LEVEL = "-O";
				VALIDATE_PRODUCT = YES;
			};
			name = Release;
		};
		D0BB4F6B2A0F8BB40013D801 /* Debug */ = {
			isa = XCBuildConfiguration;
			buildSettings = {
				ASSETCATALOG_COMPILER_APPICON_NAME = AppIcon;
				ASSETCATALOG_COMPILER_GLOBAL_ACCENT_COLOR_NAME = AccentColor;
				CODE_SIGN_STYLE = Automatic;
				CURRENT_PROJECT_VERSION = 1;
				DEVELOPMENT_TEAM = 39FM4A9F4N;
				GENERATE_INFOPLIST_FILE = YES;
				INFOPLIST_FILE = YourArticle/Info.plist;
				INFOPLIST_KEY_UIApplicationSupportsIndirectInputEvents = YES;
				INFOPLIST_KEY_UILaunchStoryboardName = LaunchScreen;
				INFOPLIST_KEY_UIMainStoryboardFile = Main;
				INFOPLIST_KEY_UISupportedInterfaceOrientations_iPad = "UIInterfaceOrientationPortrait UIInterfaceOrientationPortraitUpsideDown UIInterfaceOrientationLandscapeLeft UIInterfaceOrientationLandscapeRight";
				INFOPLIST_KEY_UISupportedInterfaceOrientations_iPhone = "UIInterfaceOrientationPortrait UIInterfaceOrientationLandscapeLeft UIInterfaceOrientationLandscapeRight";
				LD_RUNPATH_SEARCH_PATHS = (
					"$(inherited)",
					"@executable_path/Frameworks",
				);
				MARKETING_VERSION = 1.0;
				PRODUCT_BUNDLE_IDENTIFIER = pavlo.bahan.YourArticle;
				PRODUCT_NAME = "$(TARGET_NAME)";
				SWIFT_EMIT_LOC_STRINGS = YES;
				SWIFT_VERSION = 5.0;
				TARGETED_DEVICE_FAMILY = "1,2";
			};
			name = Debug;
		};
		D0BB4F6C2A0F8BB40013D801 /* Release */ = {
			isa = XCBuildConfiguration;
			buildSettings = {
				ASSETCATALOG_COMPILER_APPICON_NAME = AppIcon;
				ASSETCATALOG_COMPILER_GLOBAL_ACCENT_COLOR_NAME = AccentColor;
				CODE_SIGN_STYLE = Automatic;
				CURRENT_PROJECT_VERSION = 1;
				DEVELOPMENT_TEAM = 39FM4A9F4N;
				GENERATE_INFOPLIST_FILE = YES;
				INFOPLIST_FILE = YourArticle/Info.plist;
				INFOPLIST_KEY_UIApplicationSupportsIndirectInputEvents = YES;
				INFOPLIST_KEY_UILaunchStoryboardName = LaunchScreen;
				INFOPLIST_KEY_UIMainStoryboardFile = Main;
				INFOPLIST_KEY_UISupportedInterfaceOrientations_iPad = "UIInterfaceOrientationPortrait UIInterfaceOrientationPortraitUpsideDown UIInterfaceOrientationLandscapeLeft UIInterfaceOrientationLandscapeRight";
				INFOPLIST_KEY_UISupportedInterfaceOrientations_iPhone = "UIInterfaceOrientationPortrait UIInterfaceOrientationLandscapeLeft UIInterfaceOrientationLandscapeRight";
				LD_RUNPATH_SEARCH_PATHS = (
					"$(inherited)",
					"@executable_path/Frameworks",
				);
				MARKETING_VERSION = 1.0;
				PRODUCT_BUNDLE_IDENTIFIER = pavlo.bahan.YourArticle;
				PRODUCT_NAME = "$(TARGET_NAME)";
				SWIFT_EMIT_LOC_STRINGS = YES;
				SWIFT_VERSION = 5.0;
				TARGETED_DEVICE_FAMILY = "1,2";
			};
			name = Release;
		};
/* End XCBuildConfiguration section */

/* Begin XCConfigurationList section */
		D0BB4F4E2A0F8BB10013D801 /* Build configuration list for PBXProject "YourArticle" */ = {
			isa = XCConfigurationList;
			buildConfigurations = (
				D0BB4F682A0F8BB40013D801 /* Debug */,
				D0BB4F692A0F8BB40013D801 /* Release */,
			);
			defaultConfigurationIsVisible = 0;
			defaultConfigurationName = Release;
		};
		D0BB4F6A2A0F8BB40013D801 /* Build configuration list for PBXNativeTarget "YourArticle" */ = {
			isa = XCConfigurationList;
			buildConfigurations = (
				D0BB4F6B2A0F8BB40013D801 /* Debug */,
				D0BB4F6C2A0F8BB40013D801 /* Release */,
			);
			defaultConfigurationIsVisible = 0;
			defaultConfigurationName = Release;
		};
/* End XCConfigurationList section */

/* Begin XCVersionGroup section */
		D0BB4F5F2A0F8BB10013D801 /* YourArticle.xcdatamodeld */ = {
			isa = XCVersionGroup;
			children = (
				D0BB4F602A0F8BB10013D801 /* YourArticle.xcdatamodel */,
			);
			currentVersion = D0BB4F602A0F8BB10013D801 /* YourArticle.xcdatamodel */;
			path = YourArticle.xcdatamodeld;
			sourceTree = "<group>";
			versionGroupType = wrapper.xcdatamodel;
		};
/* End XCVersionGroup section */
	};
	rootObject = D0BB4F4B2A0F8BB10013D801 /* Project object */;
}
