// !$*UTF8*$!
{
	archiveVersion = 1;
	classes = {
	};
	objectVersion = 56;
	objects = {

/* Begin PBXBuildFile section */
		8F8657AB11414D58478E4DD3 /* Pods_YourArticle.framework in Frameworks */ = {isa = PBXBuildFile; fileRef = FB4EB0F45CB65ABC21C9EF34 /* Pods_YourArticle.framework */; };
		D0BB4F572A0F8BB10013D801 /* AppDelegate.swift in Sources */ = {isa = PBXBuildFile; fileRef = D0BB4F562A0F8BB10013D801 /* AppDelegate.swift */; };
		D0BB4F5B2A0F8BB10013D801 /* ViewController.swift in Sources */ = {isa = PBXBuildFile; fileRef = D0BB4F5A2A0F8BB10013D801 /* ViewController.swift */; };
		D0BB4F612A0F8BB10013D801 /* YourArticle.xcdatamodeld in Sources */ = {isa = PBXBuildFile; fileRef = D0BB4F5F2A0F8BB10013D801 /* YourArticle.xcdatamodeld */; };
		D0BB4F632A0F8BB40013D801 /* Assets.xcassets in Resources */ = {isa = PBXBuildFile; fileRef = D0BB4F622A0F8BB40013D801 /* Assets.xcassets */; };
		D0BB4F662A0F8BB40013D801 /* LaunchScreen.storyboard in Resources */ = {isa = PBXBuildFile; fileRef = D0BB4F642A0F8BB40013D801 /* LaunchScreen.storyboard */; };
		D0BB4F712A0F8DFE0013D801 /* UIView+Extension.swift in Sources */ = {isa = PBXBuildFile; fileRef = D0BB4F702A0F8DFE0013D801 /* UIView+Extension.swift */; };
		D0BB4F732A0F8E1B0013D801 /* UILabel+Extension.swift in Sources */ = {isa = PBXBuildFile; fileRef = D0BB4F722A0F8E1B0013D801 /* UILabel+Extension.swift */; };
		D0BB4F752A0F8E2F0013D801 /* UIButton+Extension.swift in Sources */ = {isa = PBXBuildFile; fileRef = D0BB4F742A0F8E2F0013D801 /* UIButton+Extension.swift */; };
		D0BB4F772A0F8E410013D801 /* UIStackView+Extension.swift in Sources */ = {isa = PBXBuildFile; fileRef = D0BB4F762A0F8E410013D801 /* UIStackView+Extension.swift */; };
		D0BDE9BE2A0F9B3E004C7D1F /* Podfile in Resources */ = {isa = PBXBuildFile; fileRef = D0BDE9BD2A0F9B3E004C7D1F /* Podfile */; };
/* End PBXBuildFile section */

/* Begin PBXFileReference section */
		6E50C2EE896313BA3FA31695 /* Pods-YourArticle.release.xcconfig */ = {isa = PBXFileReference; includeInIndex = 1; lastKnownFileType = text.xcconfig; name = "Pods-YourArticle.release.xcconfig"; path = "Target Support Files/Pods-YourArticle/Pods-YourArticle.release.xcconfig"; sourceTree = "<group>"; };
		70E703C9E5F510852738A2BA /* Pods-YourArticle.debug.xcconfig */ = {isa = PBXFileReference; includeInIndex = 1; lastKnownFileType = text.xcconfig; name = "Pods-YourArticle.debug.xcconfig"; path = "Target Support Files/Pods-YourArticle/Pods-YourArticle.debug.xcconfig"; sourceTree = "<group>"; };
		D0BB4F532A0F8BB10013D801 /* YourArticle.app */ = {isa = PBXFileReference; explicitFileType = wrapper.application; includeInIndex = 0; path = YourArticle.app; sourceTree = BUILT_PRODUCTS_DIR; };
		D0BB4F562A0F8BB10013D801 /* AppDelegate.swift */ = {isa = PBXFileReference; lastKnownFileType = sourcecode.swift; path = AppDelegate.swift; sourceTree = "<group>"; };
		D0BB4F5A2A0F8BB10013D801 /* ViewController.swift */ = {isa = PBXFileReference; lastKnownFileType = sourcecode.swift; path = ViewController.swift; sourceTree = "<group>"; };
		D0BB4F602A0F8BB10013D801 /* YourArticle.xcdatamodel */ = {isa = PBXFileReference; lastKnownFileType = wrapper.xcdatamodel; path = YourArticle.xcdatamodel; sourceTree = "<group>"; };
		D0BB4F622A0F8BB40013D801 /* Assets.xcassets */ = {isa = PBXFileReference; lastKnownFileType = folder.assetcatalog; path = Assets.xcassets; sourceTree = "<group>"; };
		D0BB4F652A0F8BB40013D801 /* Base */ = {isa = PBXFileReference; lastKnownFileType = file.storyboard; name = Base; path = Base.lproj/LaunchScreen.storyboard; sourceTree = "<group>"; };
		D0BB4F672A0F8BB40013D801 /* Info.plist */ = {isa = PBXFileReference; lastKnownFileType = text.plist.xml; path = Info.plist; sourceTree = "<group>"; };
		D0BB4F702A0F8DFE0013D801 /* UIView+Extension.swift */ = {isa = PBXFileReference; lastKnownFileType = sourcecode.swift; path = "UIView+Extension.swift"; sourceTree = "<group>"; };
		D0BB4F722A0F8E1B0013D801 /* UILabel+Extension.swift */ = {isa = PBXFileReference; lastKnownFileType = sourcecode.swift; path = "UILabel+Extension.swift"; sourceTree = "<group>"; };
		D0BB4F742A0F8E2F0013D801 /* UIButton+Extension.swift */ = {isa = PBXFileReference; lastKnownFileType = sourcecode.swift; path = "UIButton+Extension.swift"; sourceTree = "<group>"; };
		D0BB4F762A0F8E410013D801 /* UIStackView+Extension.swift */ = {isa = PBXFileReference; lastKnownFileType = sourcecode.swift; path = "UIStackView+Extension.swift"; sourceTree = "<group>"; };
		D0BDE9BD2A0F9B3E004C7D1F /* Podfile */ = {isa = PBXFileReference; fileEncoding = 4; lastKnownFileType = text; path = Podfile; sourceTree = "<group>"; };
		FB4EB0F45CB65ABC21C9EF34 /* Pods_YourArticle.framework */ = {isa = PBXFileReference; explicitFileType = wrapper.framework; includeInIndex = 0; path = Pods_YourArticle.framework; sourceTree = BUILT_PRODUCTS_DIR; };
/* End PBXFileReference section */

/* Begin PBXFrameworksBuildPhase section */
		D0BB4F502A0F8BB10013D801 /* Frameworks */ = {
			isa = PBXFrameworksBuildPhase;
			buildActionMask = 2147483647;
			files = (
				8F8657AB11414D58478E4DD3 /* Pods_YourArticle.framework in Frameworks */,
			);
			runOnlyForDeploymentPostprocessing = 0;
		};
/* End PBXFrameworksBuildPhase section */

/* Begin PBXGroup section */
		C5A3AF2BDBA3A48D2A7204D0 /* Frameworks */ = {
			isa = PBXGroup;
			children = (
				FB4EB0F45CB65ABC21C9EF34 /* Pods_YourArticle.framework */,
			);
			name = Frameworks;
			sourceTree = "<group>";
		};
		C6007343A6F311307C7DAAE4 /* Pods */ = {
			isa = PBXGroup;
			children = (
				70E703C9E5F510852738A2BA /* Pods-YourArticle.debug.xcconfig */,
				6E50C2EE896313BA3FA31695 /* Pods-YourArticle.release.xcconfig */,
			);
			path = Pods;
			sourceTree = "<group>";
		};
		D0BB4F4A2A0F8BB10013D801 = {
			isa = PBXGroup;
			children = (
				D0BB4F552A0F8BB10013D801 /* YourArticle */,
				D0BB4F542A0F8BB10013D801 /* Products */,
				C6007343A6F311307C7DAAE4 /* Pods */,
				C5A3AF2BDBA3A48D2A7204D0 /* Frameworks */,
				D0BDE9BD2A0F9B3E004C7D1F /* Podfile */,
			);
			sourceTree = "<group>";
		};
		D0BB4F542A0F8BB10013D801 /* Products */ = {
			isa = PBXGroup;
			children = (
				D0BB4F532A0F8BB10013D801 /* YourArticle.app */,
			);
			name = Products;
			sourceTree = "<group>";
		};
		D0BB4F552A0F8BB10013D801 /* YourArticle */ = {
			isa = PBXGroup;
			children = (
				D0BB4F562A0F8BB10013D801 /* AppDelegate.swift */,
				D0BB4F6E2A0F8DE10013D801 /* Extensions */,
				D0BB4F6D2A0F8C110013D801 /* Resources */,
				D0BB4F5A2A0F8BB10013D801 /* ViewController.swift */,
			);
			path = YourArticle;
			sourceTree = "<group>";
		};
		D0BB4F6D2A0F8C110013D801 /* Resources */ = {
			isa = PBXGroup;
			children = (
				D0BB4F622A0F8BB40013D801 /* Assets.xcassets */,
				D0BB4F642A0F8BB40013D801 /* LaunchScreen.storyboard */,
				D0BB4F672A0F8BB40013D801 /* Info.plist */,
				D0BB4F5F2A0F8BB10013D801 /* YourArticle.xcdatamodeld */,
			);
			path = Resources;
			sourceTree = "<group>";
		};
		D0BB4F6E2A0F8DE10013D801 /* Extensions */ = {
			isa = PBXGroup;
			children = (
				D0BB4F6F2A0F8DEE0013D801 /* UI */,
			);
			path = Extensions;
			sourceTree = "<group>";
		};
		D0BB4F6F2A0F8DEE0013D801 /* UI */ = {
			isa = PBXGroup;
			children = (
				D0BB4F702A0F8DFE0013D801 /* UIView+Extension.swift */,
				D0BB4F722A0F8E1B0013D801 /* UILabel+Extension.swift */,
				D0BB4F742A0F8E2F0013D801 /* UIButton+Extension.swift */,
				D0BB4F762A0F8E410013D801 /* UIStackView+Extension.swift */,
			);
			path = UI;
			sourceTree = "<group>";
		};
/* End PBXGroup section */

/* Begin PBXNativeTarget section */
		D0BB4F522A0F8BB10013D801 /* YourArticle */ = {
			isa = PBXNativeTarget;
			buildConfigurationList = D0BB4F6A2A0F8BB40013D801 /* Build configuration list for PBXNativeTarget "YourArticle" */;
			buildPhases = (
				26A0813A52C868B55C1616D9 /* [CP] Check Pods Manifest.lock */,
				D0BB4F4F2A0F8BB10013D801 /* Sources */,
				D0BB4F502A0F8BB10013D801 /* Frameworks */,
				D0BB4F512A0F8BB10013D801 /* Resources */,
				E3B7721759853C0E064DB3AA /* [CP] Embed Pods Frameworks */,
			);
			buildRules = (
			);
			dependencies = (
			);
			name = YourArticle;
			productName = YourArticle;
			productReference = D0BB4F532A0F8BB10013D801 /* YourArticle.app */;
			productType = "com.apple.product-type.application";
		};
/* End PBXNativeTarget section */

/* Begin PBXProject section */
		D0BB4F4B2A0F8BB10013D801 /* Project object */ = {
			isa = PBXProject;
			attributes = {
				BuildIndependentTargetsInParallel = 1;
				LastSwiftUpdateCheck = 1420;
				LastUpgradeCheck = 1420;
				TargetAttributes = {
					D0BB4F522A0F8BB10013D801 = {
						CreatedOnToolsVersion = 14.2;
					};
				};
			};
			buildConfigurationList = D0BB4F4E2A0F8BB10013D801 /* Build configuration list for PBXProject "YourArticle" */;
			compatibilityVersion = "Xcode 14.0";
			developmentRegion = en;
			hasScannedForEncodings = 0;
			knownRegions = (
				en,
				Base,
			);
			mainGroup = D0BB4F4A2A0F8BB10013D801;
			productRefGroup = D0BB4F542A0F8BB10013D801 /* Products */;
			projectDirPath = "";
			projectRoot = "";
			targets = (
				D0BB4F522A0F8BB10013D801 /* YourArticle */,
			);
		};
/* End PBXProject section */

/* Begin PBXResourcesBuildPhase section */
		D0BB4F512A0F8BB10013D801 /* Resources */ = {
			isa = PBXResourcesBuildPhase;
			buildActionMask = 2147483647;
			files = (
				D0BDE9BE2A0F9B3E004C7D1F /* Podfile in Resources */,
				D0BB4F662A0F8BB40013D801 /* LaunchScreen.storyboard in Resources */,
				D0BB4F632A0F8BB40013D801 /* Assets.xcassets in Resources */,
			);
			runOnlyForDeploymentPostprocessing = 0;
		};
/* End PBXResourcesBuildPhase section */

/* Begin PBXShellScriptBuildPhase section */
		26A0813A52C868B55C1616D9 /* [CP] Check Pods Manifest.lock */ = {
			isa = PBXShellScriptBuildPhase;
			buildActionMask = 2147483647;
			files = (
			);
			inputFileListPaths = (
			);
			inputPaths = (
				"${PODS_PODFILE_DIR_PATH}/Podfile.lock",
				"${PODS_ROOT}/Manifest.lock",
			);
			name = "[CP] Check Pods Manifest.lock";
			outputFileListPaths = (
			);
			outputPaths = (
				"$(DERIVED_FILE_DIR)/Pods-YourArticle-checkManifestLockResult.txt",
			);
			runOnlyForDeploymentPostprocessing = 0;
			shellPath = /bin/sh;
			shellScript = "diff \"${PODS_PODFILE_DIR_PATH}/Podfile.lock\" \"${PODS_ROOT}/Manifest.lock\" > /dev/null\nif [ $? != 0 ] ; then\n    # print error to STDERR\n    echo \"error: The sandbox is not in sync with the Podfile.lock. Run 'pod install' or update your CocoaPods installation.\" >&2\n    exit 1\nfi\n# This output is used by Xcode 'outputs' to avoid re-running this script phase.\necho \"SUCCESS\" > \"${SCRIPT_OUTPUT_FILE_0}\"\n";
			showEnvVarsInLog = 0;
		};
		E3B7721759853C0E064DB3AA /* [CP] Embed Pods Frameworks */ = {
			isa = PBXShellScriptBuildPhase;
			buildActionMask = 2147483647;
			files = (
			);
			inputFileListPaths = (
				"${PODS_ROOT}/Target Support Files/Pods-YourArticle/Pods-YourArticle-frameworks-${CONFIGURATION}-input-files.xcfilelist",
			);
			name = "[CP] Embed Pods Frameworks";
			outputFileListPaths = (
				"${PODS_ROOT}/Target Support Files/Pods-YourArticle/Pods-YourArticle-frameworks-${CONFIGURATION}-output-files.xcfilelist",
			);
			runOnlyForDeploymentPostprocessing = 0;
			shellPath = /bin/sh;
			shellScript = "\"${PODS_ROOT}/Target Support Files/Pods-YourArticle/Pods-YourArticle-frameworks.sh\"\n";
			showEnvVarsInLog = 0;
		};
/* End PBXShellScriptBuildPhase section */

/* Begin PBXSourcesBuildPhase section */
		D0BB4F4F2A0F8BB10013D801 /* Sources */ = {
			isa = PBXSourcesBuildPhase;
			buildActionMask = 2147483647;
			files = (
				D0BB4F5B2A0F8BB10013D801 /* ViewController.swift in Sources */,
				D0BB4F772A0F8E410013D801 /* UIStackView+Extension.swift in Sources */,
				D0BB4F572A0F8BB10013D801 /* AppDelegate.swift in Sources */,
				D0BB4F732A0F8E1B0013D801 /* UILabel+Extension.swift in Sources */,
				D0BB4F712A0F8DFE0013D801 /* UIView+Extension.swift in Sources */,
				D0BB4F612A0F8BB10013D801 /* YourArticle.xcdatamodeld in Sources */,
				D0BB4F752A0F8E2F0013D801 /* UIButton+Extension.swift in Sources */,
			);
			runOnlyForDeploymentPostprocessing = 0;
		};
/* End PBXSourcesBuildPhase section */

/* Begin PBXVariantGroup section */
		D0BB4F642A0F8BB40013D801 /* LaunchScreen.storyboard */ = {
			isa = PBXVariantGroup;
			children = (
				D0BB4F652A0F8BB40013D801 /* Base */,
			);
			name = LaunchScreen.storyboard;
			sourceTree = "<group>";
		};
/* End PBXVariantGroup section */

/* Begin XCBuildConfiguration section */
		D0BB4F682A0F8BB40013D801 /* Debug */ = {
			isa = XCBuildConfiguration;
			buildSettings = {
				ALWAYS_SEARCH_USER_PATHS = NO;
				CLANG_ANALYZER_NONNULL = YES;
				CLANG_ANALYZER_NUMBER_OBJECT_CONVERSION = YES_AGGRESSIVE;
				CLANG_CXX_LANGUAGE_STANDARD = "gnu++20";
				CLANG_ENABLE_MODULES = YES;
				CLANG_ENABLE_OBJC_ARC = YES;
				CLANG_ENABLE_OBJC_WEAK = YES;
				CLANG_WARN_BLOCK_CAPTURE_AUTORELEASING = YES;
				CLANG_WARN_BOOL_CONVERSION = YES;
				CLANG_WARN_COMMA = YES;
				CLANG_WARN_CONSTANT_CONVERSION = YES;
				CLANG_WARN_DEPRECATED_OBJC_IMPLEMENTATIONS = YES;
				CLANG_WARN_DIRECT_OBJC_ISA_USAGE = YES_ERROR;
				CLANG_WARN_DOCUMENTATION_COMMENTS = YES;
				CLANG_WARN_EMPTY_BODY = YES;
				CLANG_WARN_ENUM_CONVERSION = YES;
				CLANG_WARN_INFINITE_RECURSION = YES;
				CLANG_WARN_INT_CONVERSION = YES;
				CLANG_WARN_NON_LITERAL_NULL_CONVERSION = YES;
				CLANG_WARN_OBJC_IMPLICIT_RETAIN_SELF = YES;
				CLANG_WARN_OBJC_LITERAL_CONVERSION = YES;
				CLANG_WARN_OBJC_ROOT_CLASS = YES_ERROR;
				CLANG_WARN_QUOTED_INCLUDE_IN_FRAMEWORK_HEADER = YES;
				CLANG_WARN_RANGE_LOOP_ANALYSIS = YES;
				CLANG_WARN_STRICT_PROTOTYPES = YES;
				CLANG_WARN_SUSPICIOUS_MOVE = YES;
				CLANG_WARN_UNGUARDED_AVAILABILITY = YES_AGGRESSIVE;
				CLANG_WARN_UNREACHABLE_CODE = YES;
				CLANG_WARN__DUPLICATE_METHOD_MATCH = YES;
				COPY_PHASE_STRIP = NO;
				DEBUG_INFORMATION_FORMAT = dwarf;
				ENABLE_STRICT_OBJC_MSGSEND = YES;
				ENABLE_TESTABILITY = YES;
				GCC_C_LANGUAGE_STANDARD = gnu11;
				GCC_DYNAMIC_NO_PIC = NO;
				GCC_NO_COMMON_BLOCKS = YES;
				GCC_OPTIMIZATION_LEVEL = 0;
				GCC_PREPROCESSOR_DEFINITIONS = (
					"DEBUG=1",
					"$(inherited)",
				);
				GCC_WARN_64_TO_32_BIT_CONVERSION = YES;
				GCC_WARN_ABOUT_RETURN_TYPE = YES_ERROR;
				GCC_WARN_UNDECLARED_SELECTOR = YES;
				GCC_WARN_UNINITIALIZED_AUTOS = YES_AGGRESSIVE;
				GCC_WARN_UNUSED_FUNCTION = YES;
				GCC_WARN_UNUSED_VARIABLE = YES;
				IPHONEOS_DEPLOYMENT_TARGET = 16.2;
				MTL_ENABLE_DEBUG_INFO = INCLUDE_SOURCE;
				MTL_FAST_MATH = YES;
				ONLY_ACTIVE_ARCH = YES;
				SDKROOT = iphoneos;
				SWIFT_ACTIVE_COMPILATION_CONDITIONS = DEBUG;
				SWIFT_OPTIMIZATION_LEVEL = "-Onone";
			};
			name = Debug;
		};
		D0BB4F692A0F8BB40013D801 /* Release */ = {
			isa = XCBuildConfiguration;
			buildSettings = {
				ALWAYS_SEARCH_USER_PATHS = NO;
				CLANG_ANALYZER_NONNULL = YES;
				CLANG_ANALYZER_NUMBER_OBJECT_CONVERSION = YES_AGGRESSIVE;
				CLANG_CXX_LANGUAGE_STANDARD = "gnu++20";
				CLANG_ENABLE_MODULES = YES;
				CLANG_ENABLE_OBJC_ARC = YES;
				CLANG_ENABLE_OBJC_WEAK = YES;
				CLANG_WARN_BLOCK_CAPTURE_AUTORELEASING = YES;
				CLANG_WARN_BOOL_CONVERSION = YES;
				CLANG_WARN_COMMA = YES;
				CLANG_WARN_CONSTANT_CONVERSION = YES;
				CLANG_WARN_DEPRECATED_OBJC_IMPLEMENTATIONS = YES;
				CLANG_WARN_DIRECT_OBJC_ISA_USAGE = YES_ERROR;
				CLANG_WARN_DOCUMENTATION_COMMENTS = YES;
				CLANG_WARN_EMPTY_BODY = YES;
				CLANG_WARN_ENUM_CONVERSION = YES;
				CLANG_WARN_INFINITE_RECURSION = YES;
				CLANG_WARN_INT_CONVERSION = YES;
				CLANG_WARN_NON_LITERAL_NULL_CONVERSION = YES;
				CLANG_WARN_OBJC_IMPLICIT_RETAIN_SELF = YES;
				CLANG_WARN_OBJC_LITERAL_CONVERSION = YES;
				CLANG_WARN_OBJC_ROOT_CLASS = YES_ERROR;
				CLANG_WARN_QUOTED_INCLUDE_IN_FRAMEWORK_HEADER = YES;
				CLANG_WARN_RANGE_LOOP_ANALYSIS = YES;
				CLANG_WARN_STRICT_PROTOTYPES = YES;
				CLANG_WARN_SUSPICIOUS_MOVE = YES;
				CLANG_WARN_UNGUARDED_AVAILABILITY = YES_AGGRESSIVE;
				CLANG_WARN_UNREACHABLE_CODE = YES;
				CLANG_WARN__DUPLICATE_METHOD_MATCH = YES;
				COPY_PHASE_STRIP = NO;
				DEBUG_INFORMATION_FORMAT = "dwarf-with-dsym";
				ENABLE_NS_ASSERTIONS = NO;
				ENABLE_STRICT_OBJC_MSGSEND = YES;
				GCC_C_LANGUAGE_STANDARD = gnu11;
				GCC_NO_COMMON_BLOCKS = YES;
				GCC_WARN_64_TO_32_BIT_CONVERSION = YES;
				GCC_WARN_ABOUT_RETURN_TYPE = YES_ERROR;
				GCC_WARN_UNDECLARED_SELECTOR = YES;
				GCC_WARN_UNINITIALIZED_AUTOS = YES_AGGRESSIVE;
				GCC_WARN_UNUSED_FUNCTION = YES;
				GCC_WARN_UNUSED_VARIABLE = YES;
				IPHONEOS_DEPLOYMENT_TARGET = 16.2;
				MTL_ENABLE_DEBUG_INFO = NO;
				MTL_FAST_MATH = YES;
				SDKROOT = iphoneos;
				SWIFT_COMPILATION_MODE = wholemodule;
				SWIFT_OPTIMIZATION_LEVEL = "-O";
				VALIDATE_PRODUCT = YES;
			};
			name = Release;
		};
		D0BB4F6B2A0F8BB40013D801 /* Debug */ = {
			isa = XCBuildConfiguration;
			baseConfigurationReference = 70E703C9E5F510852738A2BA /* Pods-YourArticle.debug.xcconfig */;
			buildSettings = {
				ASSETCATALOG_COMPILER_APPICON_NAME = AppIcon;
				ASSETCATALOG_COMPILER_GLOBAL_ACCENT_COLOR_NAME = AccentColor;
				CODE_SIGN_STYLE = Automatic;
				CURRENT_PROJECT_VERSION = 1;
				DEVELOPMENT_TEAM = 39FM4A9F4N;
				GENERATE_INFOPLIST_FILE = YES;
				INFOPLIST_FILE = YourArticle/Resources/Info.plist;
				INFOPLIST_KEY_UIApplicationSupportsIndirectInputEvents = YES;
				INFOPLIST_KEY_UILaunchStoryboardName = LaunchScreen;
				INFOPLIST_KEY_UISupportedInterfaceOrientations = UIInterfaceOrientationPortrait;
				INFOPLIST_KEY_UISupportedInterfaceOrientations_iPad = "UIInterfaceOrientationLandscapeLeft UIInterfaceOrientationLandscapeRight UIInterfaceOrientationPortrait UIInterfaceOrientationPortraitUpsideDown";
				LD_RUNPATH_SEARCH_PATHS = (
					"$(inherited)",
					"@executable_path/Frameworks",
				);
				MARKETING_VERSION = 1.0;
				PRODUCT_BUNDLE_IDENTIFIER = pavlo.bahan.YourArticle;
				PRODUCT_NAME = "$(TARGET_NAME)";
				SUPPORTED_PLATFORMS = "iphoneos iphonesimulator";
				SUPPORTS_MACCATALYST = NO;
				SUPPORTS_MAC_DESIGNED_FOR_IPHONE_IPAD = NO;
				SWIFT_EMIT_LOC_STRINGS = YES;
				SWIFT_VERSION = 5.0;
				TARGETED_DEVICE_FAMILY = 1;
			};
			name = Debug;
		};
		D0BB4F6C2A0F8BB40013D801 /* Release */ = {
			isa = XCBuildConfiguration;
			baseConfigurationReference = 6E50C2EE896313BA3FA31695 /* Pods-YourArticle.release.xcconfig */;
			buildSettings = {
				ASSETCATALOG_COMPILER_APPICON_NAME = AppIcon;
				ASSETCATALOG_COMPILER_GLOBAL_ACCENT_COLOR_NAME = AccentColor;
				CODE_SIGN_STYLE = Automatic;
				CURRENT_PROJECT_VERSION = 1;
				DEVELOPMENT_TEAM = 39FM4A9F4N;
				GENERATE_INFOPLIST_FILE = YES;
				INFOPLIST_FILE = YourArticle/Resources/Info.plist;
				INFOPLIST_KEY_UIApplicationSupportsIndirectInputEvents = YES;
				INFOPLIST_KEY_UILaunchStoryboardName = LaunchScreen;
				INFOPLIST_KEY_UISupportedInterfaceOrientations = UIInterfaceOrientationPortrait;
				INFOPLIST_KEY_UISupportedInterfaceOrientations_iPad = "UIInterfaceOrientationLandscapeLeft UIInterfaceOrientationLandscapeRight UIInterfaceOrientationPortrait UIInterfaceOrientationPortraitUpsideDown";
				LD_RUNPATH_SEARCH_PATHS = (
					"$(inherited)",
					"@executable_path/Frameworks",
				);
				MARKETING_VERSION = 1.0;
				PRODUCT_BUNDLE_IDENTIFIER = pavlo.bahan.YourArticle;
				PRODUCT_NAME = "$(TARGET_NAME)";
				SUPPORTED_PLATFORMS = "iphoneos iphonesimulator";
				SUPPORTS_MACCATALYST = NO;
				SUPPORTS_MAC_DESIGNED_FOR_IPHONE_IPAD = NO;
				SWIFT_EMIT_LOC_STRINGS = YES;
				SWIFT_VERSION = 5.0;
				TARGETED_DEVICE_FAMILY = 1;
			};
			name = Release;
		};
/* End XCBuildConfiguration section */

/* Begin XCConfigurationList section */
		D0BB4F4E2A0F8BB10013D801 /* Build configuration list for PBXProject "YourArticle" */ = {
			isa = XCConfigurationList;
			buildConfigurations = (
				D0BB4F682A0F8BB40013D801 /* Debug */,
				D0BB4F692A0F8BB40013D801 /* Release */,
			);
			defaultConfigurationIsVisible = 0;
			defaultConfigurationName = Release;
		};
		D0BB4F6A2A0F8BB40013D801 /* Build configuration list for PBXNativeTarget "YourArticle" */ = {
			isa = XCConfigurationList;
			buildConfigurations = (
				D0BB4F6B2A0F8BB40013D801 /* Debug */,
				D0BB4F6C2A0F8BB40013D801 /* Release */,
			);
			defaultConfigurationIsVisible = 0;
			defaultConfigurationName = Release;
		};
/* End XCConfigurationList section */

/* Begin XCVersionGroup section */
		D0BB4F5F2A0F8BB10013D801 /* YourArticle.xcdatamodeld */ = {
			isa = XCVersionGroup;
			children = (
				D0BB4F602A0F8BB10013D801 /* YourArticle.xcdatamodel */,
			);
			currentVersion = D0BB4F602A0F8BB10013D801 /* YourArticle.xcdatamodel */;
			path = YourArticle.xcdatamodeld;
			sourceTree = "<group>";
			versionGroupType = wrapper.xcdatamodel;
		};
/* End XCVersionGroup section */
	};
	rootObject = D0BB4F4B2A0F8BB10013D801 /* Project object */;
}
